Microsoft Visual Studio Solution File, Format Version 11.00
# Visual Studio 2008

Project("{CC38ACA5-835A-5FF4-B399-7254EB0C8E2D}") = "TheFall3d", "Assembly-CSharp.csproj", "{F41FACD3-5F2D-5753-19F1-FA47565E59BA}"
EndProject
Global
	GlobalSection(SolutionConfigurationPlatforms) = preSolution
		Debug|Any CPU = Debug|Any CPU
		Release|Any CPU = Release|Any CPU
	EndGlobalSection
	GlobalSection(ProjectConfigurationPlatforms) = postSolution
		{F41FACD3-5F2D-5753-19F1-FA47565E59BA}.Debug|Any CPU.ActiveCfg = Debug|Any CPU
		{F41FACD3-5F2D-5753-19F1-FA47565E59BA}.Debug|Any CPU.Build.0 = Debug|Any CPU
		{F41FACD3-5F2D-5753-19F1-FA47565E59BA}.Release|Any CPU.ActiveCfg = Release|Any CPU
		{F41FACD3-5F2D-5753-19F1-FA47565E59BA}.Release|Any CPU.Build.0 = Release|Any CPU
	EndGlobalSection
	GlobalSection(SolutionProperties) = preSolution
		HideSolutionNode = FALSE
	EndGlobalSection
																				GlobalSection(MonoDevelopProperties) = preSolution
		StartupItem = Assembly-CSharp.csproj
		Policies = $0
		$0.TextStylePolicy = $1
		$1.inheritsSet = null
		$1.scope = text/x-csharp
		$0.CSharpFormattingPolicy = $2
		$2.inheritsSet = Mono
		$2.inheritsScope = text/x-csharp
		$2.scope = text/x-csharp
		$0.TextStylePolicy = $3
		$3.FileWidth = 120
		$3.TabWidth = 4
		$3.IndentWidth = 4
		$3.EolMarker = Unix
		$3.inheritsSet = Mono
		$3.inheritsScope = text/plain
		$3.scope = text/plain
	EndGlobalSection

EndGlobal
